
Microsoft Visual Studio Solution File, Format Version 12.00
# Visual Studio 15
VisualStudioVersion = 15.0.27130.2020
MinimumVisualStudioVersion = 10.0.40219.1
Project("{2150E333-8FDC-42A3-9474-1A3956D46DE8}") = "01-配置管理", "01-配置管理", "{60455892-4832-4B09-9FE4-CF7EC2EE58AC}"
EndProject
Project("{2150E333-8FDC-42A3-9474-1A3956D46DE8}") = "02-依赖注入", "02-依赖注入", "{F82F3A8E-3AFE-4D6F-A3BD-B8E2220DC4AB}"
EndProject
Project("{2150E333-8FDC-42A3-9474-1A3956D46DE8}") = "03-Middleware", "03-Middleware", "{041A4DE3-2099-477C-8B97-4260C6C0F3D4}"
EndProject
Project("{2150E333-8FDC-42A3-9474-1A3956D46DE8}") = "04-Authorize", "04-Authorize", "{D4D67806-182E-479C-8AAD-2653B1FCB54E}"
EndProject
Project("{2150E333-8FDC-42A3-9474-1A3956D46DE8}") = "06-MVC", "06-MVC", "{D0B40DAF-D2AE-4974-A3E4-F46F53365B41}"
EndProject
Project("{9A19103F-16F7-4668-BE54-9A1E7A4F7556}") = "ConfigurationCommandLine", "ConfigurationCommandLine\ConfigurationCommandLine.csproj", "{4AA7AA8E-2CDE-4D83-A6BE-8213826E279D}"
EndProject
Project("{9A19103F-16F7-4668-BE54-9A1E7A4F7556}") = "ConfigurationJson", "ConfigurationJson\ConfigurationJson.csproj", "{3E05BB15-0B62-4CE9-9136-61C3B2309A5C}"
EndProject
Project("{9A19103F-16F7-4668-BE54-9A1E7A4F7556}") = "ConfigurationOption", "ConfigurationOption\ConfigurationOption.csproj", "{ED232122-4463-4483-966E-E371A414A8C9}"
EndProject
Project("{9A19103F-16F7-4668-BE54-9A1E7A4F7556}") = "HelloCore", "HelloCore\HelloCore.csproj", "{4AD16EF9-F460-444E-B438-FCABF2096B7F}"
EndProject
Project("{9A19103F-16F7-4668-BE54-9A1E7A4F7556}") = "AuthorizeLearn", "AuthorizeLearn\AuthorizeLearn.csproj", "{FD8E0B58-0B62-4B3D-97E4-C052A31F1CC8}"
EndProject
Project("{2150E333-8FDC-42A3-9474-1A3956D46DE8}") = "05-IdentityServer", "05-IdentityServer", "{A32949D5-614D-45E3-A7EA-3059993660C5}"
	ProjectSection(SolutionItems) = preProject
		OpenID Connect And OAuth2.docx = OpenID Connect And OAuth2.docx
		重点关注.txt = 重点关注.txt
	EndProjectSection
EndProject
Project("{9A19103F-16F7-4668-BE54-9A1E7A4F7556}") = "IdentityServerCenter", "IdentityServerCenter\IdentityServerCenter.csproj", "{2E9E69BF-6F39-48AE-A0FF-DFD99DFB8F3A}"
EndProject
Project("{9A19103F-16F7-4668-BE54-9A1E7A4F7556}") = "IdentityServerApi", "IdentityServerApi\IdentityServerApi.csproj", "{6E921F94-5880-4B8B-BE94-E80461C943E6}"
EndProject
Project("{9A19103F-16F7-4668-BE54-9A1E7A4F7556}") = "pwdClient", "pwdClient\pwdClient.csproj", "{D9A27B02-F6D7-4D32-A4CF-DC2F043E18E5}"
EndProject
Project("{2150E333-8FDC-42A3-9474-1A3956D46DE8}") = "07-Cache", "07-Cache", "{B1321E8B-9751-4C53-9E83-F4393FDA31CB}"
EndProject
Project("{9A19103F-16F7-4668-BE54-9A1E7A4F7556}") = "MemoryCacheLearn", "MemoryCacheLearn\MemoryCacheLearn.csproj", "{C1FE84C4-B5E9-4DA3-B201-0A70C1F744E0}"
EndProject
Project("{9A19103F-16F7-4668-BE54-9A1E7A4F7556}") = "IdentityServerClientMvc", "IdentityServerClientMvc\IdentityServerClientMvc.csproj", "{9305345E-FB6A-4CD2-B5AE-FD5A4279B7CD}"
EndProject
Project("{9A19103F-16F7-4668-BE54-9A1E7A4F7556}") = "LifeCycleLearn", "LifeCycleLearn\LifeCycleLearn.csproj", "{04A0DAA8-B7A7-4EA5-84F4-D4FEF69F46CE}"
EndProject
Project("{9A19103F-16F7-4668-BE54-9A1E7A4F7556}") = "IdentityServerWithAspIdAndEF", "IdentityServerWithAspIdAndEF\IdentityServerWithAspIdAndEF.csproj", "{BA25B6E0-8530-4BFC-9B6A-B05F6D014074}"
EndProject
Project("{2150E333-8FDC-42A3-9474-1A3956D46DE8}") = "08-Docker", "08-Docker", "{F9E035F3-0752-4D3E-B17B-B1AD7BB70C57}"
	ProjectSection(SolutionItems) = preProject
		Docker 常用命令.docx = Docker 常用命令.docx
	EndProjectSection
EndProject
Project("{9A19103F-16F7-4668-BE54-9A1E7A4F7556}") = "RedisTest", "RedisTest\RedisTest.csproj", "{E1EF565A-A559-4C65-85A6-0727E88A0130}"
EndProject
Project("{2150E333-8FDC-42A3-9474-1A3956D46DE8}") = "09-RabbitMQ", "09-RabbitMQ", "{77C07876-820A-4375-B9DE-7F23987DDB81}"
EndProject
Project("{9A19103F-16F7-4668-BE54-9A1E7A4F7556}") = "Server", "Server\Server.csproj", "{D0720D9F-26E0-4473-8345-FE19C82B6CE9}"
EndProject
Project("{9A19103F-16F7-4668-BE54-9A1E7A4F7556}") = "Client", "Client\Client.csproj", "{8BFEF316-D1CF-47F3-B6B6-B9B3FCB1842C}"
EndProject
Project("{2150E333-8FDC-42A3-9474-1A3956D46DE8}") = "10-MongoDB", "10-MongoDB", "{9C26DBCA-532C-4C61-AF42-0B263CC61A1D}"
EndProject
Project("{9A19103F-16F7-4668-BE54-9A1E7A4F7556}") = "MongoLearn", "MongoLearn\MongoLearn.csproj", "{F4F0F27D-248A-4FA4-9EE0-888980DCA82A}"
EndProject
Project("{2150E333-8FDC-42A3-9474-1A3956D46DE8}") = "11-CAP", "11-CAP", "{0DAD8BF1-7726-4E4E-B6F6-E124D0EF8263}"
EndProject
Project("{9A19103F-16F7-4668-BE54-9A1E7A4F7556}") = "CAPDemo", "CAPDemo\CAPDemo.csproj", "{33D62C76-9288-447B-B90D-4ECB188CC25D}"
EndProject
Project("{2150E333-8FDC-42A3-9474-1A3956D46DE8}") = "12-Weixin", "12-Weixin", "{990FC092-0BEC-44FA-87F6-BE7EF850F06D}"
EndProject
Project("{9A19103F-16F7-4668-BE54-9A1E7A4F7556}") = "WeixinTest", "WeixinTest\WeixinTest.csproj", "{9BB772D9-B939-4F44-9503-427182ED1010}"
EndProject
Project("{2150E333-8FDC-42A3-9474-1A3956D46DE8}") = "13-Lambda", "13-Lambda", "{B867FCCF-3649-432C-8E84-B5932608BA6F}"
EndProject
Project("{9A19103F-16F7-4668-BE54-9A1E7A4F7556}") = "Lambda", "Lambda\Lambda.csproj", "{B8402578-6F85-4270-B0FF-35A9E2F6A46E}"
EndProject
Project("{2150E333-8FDC-42A3-9474-1A3956D46DE8}") = "14-Reflection", "14-Reflection", "{42448ABC-C61D-4659-B9B0-084E02B7394C}"
EndProject
Project("{9A19103F-16F7-4668-BE54-9A1E7A4F7556}") = "ReflectionLearn", "ReflectionLearn\ReflectionLearn.csproj", "{1D409D85-EFDC-4340-9643-480CF05DDE93}"
EndProject
Project("{2150E333-8FDC-42A3-9474-1A3956D46DE8}") = "15-Mysql", "15-Mysql", "{52C7F9BC-F43F-4A9D-8699-E6B0EA239B52}"
EndProject
Project("{9A19103F-16F7-4668-BE54-9A1E7A4F7556}") = "MysqlLearn", "MysqlLearn\MysqlLearn.csproj", "{A61C38A4-3A6A-4569-8FA3-D24777400DFB}"
EndProject
Project("{9A19103F-16F7-4668-BE54-9A1E7A4F7556}") = "DB.Mysql", "ReflectionLearn\DB.Mysql\DB.Mysql.csproj", "{9B92C15A-9165-43AB-B6E5-F6C5B0C01EBB}"
EndProject
Project("{9A19103F-16F7-4668-BE54-9A1E7A4F7556}") = "DB.Interface", "ReflectionLearn\DB.Interface\DB.Interface.csproj", "{75E1F258-7586-4691-917F-9937611F4CE5}"
EndProject
Project("{9A19103F-16F7-4668-BE54-9A1E7A4F7556}") = "DB.Sqlserver", "ReflectionLearn\DB.Sqlserver\DB.Sqlserver.csproj", "{38DAE2FA-35A4-4D76-9704-02453723CE78}"
EndProject
Project("{9A19103F-16F7-4668-BE54-9A1E7A4F7556}") = "DB.Oracle", "ReflectionLearn\DB.Oracle\DB.Oracle.csproj", "{033BDA5E-D7DE-443C-B8C4-6D9AE03C7D11}"
EndProject
Project("{2150E333-8FDC-42A3-9474-1A3956D46DE8}") = "16-Async", "16-Async", "{0C35B9DD-2DDC-4D02-A419-EF11B2F9E639}"
EndProject
Project("{9A19103F-16F7-4668-BE54-9A1E7A4F7556}") = "AsyncLearn", "AsyncLearn\AsyncLearn.csproj", "{551A1EA8-79B8-4CF0-AD0F-79D79B62EFC0}"
EndProject
Project("{2150E333-8FDC-42A3-9474-1A3956D46DE8}") = "17-Aop", "17-Aop", "{1A81005D-02C6-4D60-AB4D-5096C14CC839}"
EndProject
Project("{9A19103F-16F7-4668-BE54-9A1E7A4F7556}") = "AspectCoreDemo", "AspectCoreDemo\AspectCoreDemo.csproj", "{015B8971-EB9A-42EF-889D-C0F082B8BE0E}"
EndProject
Project("{9A19103F-16F7-4668-BE54-9A1E7A4F7556}") = "AspectCoreIocLearn", "AspectCoreIocLearn\AspectCoreIocLearn.csproj", "{CC40CA7F-E29B-4523-94A9-6A55C288E7D1}"
EndProject
Project("{9A19103F-16F7-4668-BE54-9A1E7A4F7556}") = "AspectCoreReflectionLearn", "AspectCoreReflectionLearn\AspectCoreReflectionLearn.csproj", "{CE249159-89F3-425C-8842-303BC6EFF657}"
EndProject
Project("{9A19103F-16F7-4668-BE54-9A1E7A4F7556}") = "MiddlewareConsole", "MiddlewareConsole\MiddlewareConsole.csproj", "{F9DF81FA-D07C-49F7-81E8-8F6A1F611F59}"
EndProject
Project("{2150E333-8FDC-42A3-9474-1A3956D46DE8}") = "18-Polly", "18-Polly", "{9F068045-2FD8-4714-9067-627BFEA0B07B}"
EndProject
Project("{9A19103F-16F7-4668-BE54-9A1E7A4F7556}") = "PollyLearn", "PollyLearn\PollyLearn.csproj", "{13AD2396-ACCC-49D5-90C3-A0A97B052D7F}"
EndProject
Project("{2150E333-8FDC-42A3-9474-1A3956D46DE8}") = "19-linqs", "19-linqs", "{828E908D-6107-4775-B11D-14944FB65979}"
EndProject
Project("{9A19103F-16F7-4668-BE54-9A1E7A4F7556}") = "LinqLearn", "LinqLearn\LinqLearn.csproj", "{9CDA1998-1700-4860-9F15-A2C8D4217D7D}"
EndProject
Global
	GlobalSection(SolutionConfigurationPlatforms) = preSolution
		Debug|Any CPU = Debug|Any CPU
		Release|Any CPU = Release|Any CPU
	EndGlobalSection
	GlobalSection(ProjectConfigurationPlatforms) = postSolution
		{4AA7AA8E-2CDE-4D83-A6BE-8213826E279D}.Debug|Any CPU.ActiveCfg = Debug|Any CPU
		{4AA7AA8E-2CDE-4D83-A6BE-8213826E279D}.Debug|Any CPU.Build.0 = Debug|Any CPU
		{4AA7AA8E-2CDE-4D83-A6BE-8213826E279D}.Release|Any CPU.ActiveCfg = Release|Any CPU
		{4AA7AA8E-2CDE-4D83-A6BE-8213826E279D}.Release|Any CPU.Build.0 = Release|Any CPU
		{3E05BB15-0B62-4CE9-9136-61C3B2309A5C}.Debug|Any CPU.ActiveCfg = Debug|Any CPU
		{3E05BB15-0B62-4CE9-9136-61C3B2309A5C}.Debug|Any CPU.Build.0 = Debug|Any CPU
		{3E05BB15-0B62-4CE9-9136-61C3B2309A5C}.Release|Any CPU.ActiveCfg = Release|Any CPU
		{3E05BB15-0B62-4CE9-9136-61C3B2309A5C}.Release|Any CPU.Build.0 = Release|Any CPU
		{ED232122-4463-4483-966E-E371A414A8C9}.Debug|Any CPU.ActiveCfg = Debug|Any CPU
		{ED232122-4463-4483-966E-E371A414A8C9}.Debug|Any CPU.Build.0 = Debug|Any CPU
		{ED232122-4463-4483-966E-E371A414A8C9}.Release|Any CPU.ActiveCfg = Release|Any CPU
		{ED232122-4463-4483-966E-E371A414A8C9}.Release|Any CPU.Build.0 = Release|Any CPU
		{4AD16EF9-F460-444E-B438-FCABF2096B7F}.Debug|Any CPU.ActiveCfg = Debug|Any CPU
		{4AD16EF9-F460-444E-B438-FCABF2096B7F}.Debug|Any CPU.Build.0 = Debug|Any CPU
		{4AD16EF9-F460-444E-B438-FCABF2096B7F}.Release|Any CPU.ActiveCfg = Release|Any CPU
		{4AD16EF9-F460-444E-B438-FCABF2096B7F}.Release|Any CPU.Build.0 = Release|Any CPU
		{FD8E0B58-0B62-4B3D-97E4-C052A31F1CC8}.Debug|Any CPU.ActiveCfg = Debug|Any CPU
		{FD8E0B58-0B62-4B3D-97E4-C052A31F1CC8}.Debug|Any CPU.Build.0 = Debug|Any CPU
		{FD8E0B58-0B62-4B3D-97E4-C052A31F1CC8}.Release|Any CPU.ActiveCfg = Release|Any CPU
		{FD8E0B58-0B62-4B3D-97E4-C052A31F1CC8}.Release|Any CPU.Build.0 = Release|Any CPU
		{2E9E69BF-6F39-48AE-A0FF-DFD99DFB8F3A}.Debug|Any CPU.ActiveCfg = Debug|Any CPU
		{2E9E69BF-6F39-48AE-A0FF-DFD99DFB8F3A}.Debug|Any CPU.Build.0 = Debug|Any CPU
		{2E9E69BF-6F39-48AE-A0FF-DFD99DFB8F3A}.Release|Any CPU.ActiveCfg = Release|Any CPU
		{2E9E69BF-6F39-48AE-A0FF-DFD99DFB8F3A}.Release|Any CPU.Build.0 = Release|Any CPU
		{6E921F94-5880-4B8B-BE94-E80461C943E6}.Debug|Any CPU.ActiveCfg = Debug|Any CPU
		{6E921F94-5880-4B8B-BE94-E80461C943E6}.Debug|Any CPU.Build.0 = Debug|Any CPU
		{6E921F94-5880-4B8B-BE94-E80461C943E6}.Release|Any CPU.ActiveCfg = Release|Any CPU
		{6E921F94-5880-4B8B-BE94-E80461C943E6}.Release|Any CPU.Build.0 = Release|Any CPU
		{D9A27B02-F6D7-4D32-A4CF-DC2F043E18E5}.Debug|Any CPU.ActiveCfg = Debug|Any CPU
		{D9A27B02-F6D7-4D32-A4CF-DC2F043E18E5}.Debug|Any CPU.Build.0 = Debug|Any CPU
		{D9A27B02-F6D7-4D32-A4CF-DC2F043E18E5}.Release|Any CPU.ActiveCfg = Release|Any CPU
		{D9A27B02-F6D7-4D32-A4CF-DC2F043E18E5}.Release|Any CPU.Build.0 = Release|Any CPU
		{C1FE84C4-B5E9-4DA3-B201-0A70C1F744E0}.Debug|Any CPU.ActiveCfg = Debug|Any CPU
		{C1FE84C4-B5E9-4DA3-B201-0A70C1F744E0}.Debug|Any CPU.Build.0 = Debug|Any CPU
		{C1FE84C4-B5E9-4DA3-B201-0A70C1F744E0}.Release|Any CPU.ActiveCfg = Release|Any CPU
		{C1FE84C4-B5E9-4DA3-B201-0A70C1F744E0}.Release|Any CPU.Build.0 = Release|Any CPU
		{9305345E-FB6A-4CD2-B5AE-FD5A4279B7CD}.Debug|Any CPU.ActiveCfg = Debug|Any CPU
		{9305345E-FB6A-4CD2-B5AE-FD5A4279B7CD}.Debug|Any CPU.Build.0 = Debug|Any CPU
		{9305345E-FB6A-4CD2-B5AE-FD5A4279B7CD}.Release|Any CPU.ActiveCfg = Release|Any CPU
		{9305345E-FB6A-4CD2-B5AE-FD5A4279B7CD}.Release|Any CPU.Build.0 = Release|Any CPU
		{04A0DAA8-B7A7-4EA5-84F4-D4FEF69F46CE}.Debug|Any CPU.ActiveCfg = Debug|Any CPU
		{04A0DAA8-B7A7-4EA5-84F4-D4FEF69F46CE}.Debug|Any CPU.Build.0 = Debug|Any CPU
		{04A0DAA8-B7A7-4EA5-84F4-D4FEF69F46CE}.Release|Any CPU.ActiveCfg = Release|Any CPU
		{04A0DAA8-B7A7-4EA5-84F4-D4FEF69F46CE}.Release|Any CPU.Build.0 = Release|Any CPU
		{BA25B6E0-8530-4BFC-9B6A-B05F6D014074}.Debug|Any CPU.ActiveCfg = Debug|Any CPU
		{BA25B6E0-8530-4BFC-9B6A-B05F6D014074}.Debug|Any CPU.Build.0 = Debug|Any CPU
		{BA25B6E0-8530-4BFC-9B6A-B05F6D014074}.Release|Any CPU.ActiveCfg = Release|Any CPU
		{BA25B6E0-8530-4BFC-9B6A-B05F6D014074}.Release|Any CPU.Build.0 = Release|Any CPU
		{E1EF565A-A559-4C65-85A6-0727E88A0130}.Debug|Any CPU.ActiveCfg = Debug|Any CPU
		{E1EF565A-A559-4C65-85A6-0727E88A0130}.Debug|Any CPU.Build.0 = Debug|Any CPU
		{E1EF565A-A559-4C65-85A6-0727E88A0130}.Release|Any CPU.ActiveCfg = Release|Any CPU
		{E1EF565A-A559-4C65-85A6-0727E88A0130}.Release|Any CPU.Build.0 = Release|Any CPU
		{D0720D9F-26E0-4473-8345-FE19C82B6CE9}.Debug|Any CPU.ActiveCfg = Debug|Any CPU
		{D0720D9F-26E0-4473-8345-FE19C82B6CE9}.Debug|Any CPU.Build.0 = Debug|Any CPU
		{D0720D9F-26E0-4473-8345-FE19C82B6CE9}.Release|Any CPU.ActiveCfg = Release|Any CPU
		{D0720D9F-26E0-4473-8345-FE19C82B6CE9}.Release|Any CPU.Build.0 = Release|Any CPU
		{8BFEF316-D1CF-47F3-B6B6-B9B3FCB1842C}.Debug|Any CPU.ActiveCfg = Debug|Any CPU
		{8BFEF316-D1CF-47F3-B6B6-B9B3FCB1842C}.Debug|Any CPU.Build.0 = Debug|Any CPU
		{8BFEF316-D1CF-47F3-B6B6-B9B3FCB1842C}.Release|Any CPU.ActiveCfg = Release|Any CPU
		{8BFEF316-D1CF-47F3-B6B6-B9B3FCB1842C}.Release|Any CPU.Build.0 = Release|Any CPU
		{F4F0F27D-248A-4FA4-9EE0-888980DCA82A}.Debug|Any CPU.ActiveCfg = Debug|Any CPU
		{F4F0F27D-248A-4FA4-9EE0-888980DCA82A}.Debug|Any CPU.Build.0 = Debug|Any CPU
		{F4F0F27D-248A-4FA4-9EE0-888980DCA82A}.Release|Any CPU.ActiveCfg = Release|Any CPU
		{F4F0F27D-248A-4FA4-9EE0-888980DCA82A}.Release|Any CPU.Build.0 = Release|Any CPU
		{33D62C76-9288-447B-B90D-4ECB188CC25D}.Debug|Any CPU.ActiveCfg = Debug|Any CPU
		{33D62C76-9288-447B-B90D-4ECB188CC25D}.Debug|Any CPU.Build.0 = Debug|Any CPU
		{33D62C76-9288-447B-B90D-4ECB188CC25D}.Release|Any CPU.ActiveCfg = Release|Any CPU
		{33D62C76-9288-447B-B90D-4ECB188CC25D}.Release|Any CPU.Build.0 = Release|Any CPU
		{9BB772D9-B939-4F44-9503-427182ED1010}.Debug|Any CPU.ActiveCfg = Debug|Any CPU
		{9BB772D9-B939-4F44-9503-427182ED1010}.Debug|Any CPU.Build.0 = Debug|Any CPU
		{9BB772D9-B939-4F44-9503-427182ED1010}.Release|Any CPU.ActiveCfg = Release|Any CPU
		{9BB772D9-B939-4F44-9503-427182ED1010}.Release|Any CPU.Build.0 = Release|Any CPU
		{B8402578-6F85-4270-B0FF-35A9E2F6A46E}.Debug|Any CPU.ActiveCfg = Debug|Any CPU
		{B8402578-6F85-4270-B0FF-35A9E2F6A46E}.Debug|Any CPU.Build.0 = Debug|Any CPU
		{B8402578-6F85-4270-B0FF-35A9E2F6A46E}.Release|Any CPU.ActiveCfg = Release|Any CPU
		{B8402578-6F85-4270-B0FF-35A9E2F6A46E}.Release|Any CPU.Build.0 = Release|Any CPU
		{1D409D85-EFDC-4340-9643-480CF05DDE93}.Debug|Any CPU.ActiveCfg = Debug|Any CPU
		{1D409D85-EFDC-4340-9643-480CF05DDE93}.Debug|Any CPU.Build.0 = Debug|Any CPU
		{1D409D85-EFDC-4340-9643-480CF05DDE93}.Release|Any CPU.ActiveCfg = Release|Any CPU
		{1D409D85-EFDC-4340-9643-480CF05DDE93}.Release|Any CPU.Build.0 = Release|Any CPU
		{A61C38A4-3A6A-4569-8FA3-D24777400DFB}.Debug|Any CPU.ActiveCfg = Debug|Any CPU
		{A61C38A4-3A6A-4569-8FA3-D24777400DFB}.Debug|Any CPU.Build.0 = Debug|Any CPU
		{A61C38A4-3A6A-4569-8FA3-D24777400DFB}.Release|Any CPU.ActiveCfg = Release|Any CPU
		{A61C38A4-3A6A-4569-8FA3-D24777400DFB}.Release|Any CPU.Build.0 = Release|Any CPU
		{9B92C15A-9165-43AB-B6E5-F6C5B0C01EBB}.Debug|Any CPU.ActiveCfg = Debug|Any CPU
		{9B92C15A-9165-43AB-B6E5-F6C5B0C01EBB}.Debug|Any CPU.Build.0 = Debug|Any CPU
		{9B92C15A-9165-43AB-B6E5-F6C5B0C01EBB}.Release|Any CPU.ActiveCfg = Release|Any CPU
		{9B92C15A-9165-43AB-B6E5-F6C5B0C01EBB}.Release|Any CPU.Build.0 = Release|Any CPU
		{75E1F258-7586-4691-917F-9937611F4CE5}.Debug|Any CPU.ActiveCfg = Debug|Any CPU
		{75E1F258-7586-4691-917F-9937611F4CE5}.Debug|Any CPU.Build.0 = Debug|Any CPU
		{75E1F258-7586-4691-917F-9937611F4CE5}.Release|Any CPU.ActiveCfg = Release|Any CPU
		{75E1F258-7586-4691-917F-9937611F4CE5}.Release|Any CPU.Build.0 = Release|Any CPU
		{38DAE2FA-35A4-4D76-9704-02453723CE78}.Debug|Any CPU.ActiveCfg = Debug|Any CPU
		{38DAE2FA-35A4-4D76-9704-02453723CE78}.Debug|Any CPU.Build.0 = Debug|Any CPU
		{38DAE2FA-35A4-4D76-9704-02453723CE78}.Release|Any CPU.ActiveCfg = Release|Any CPU
		{38DAE2FA-35A4-4D76-9704-02453723CE78}.Release|Any CPU.Build.0 = Release|Any CPU
		{033BDA5E-D7DE-443C-B8C4-6D9AE03C7D11}.Debug|Any CPU.ActiveCfg = Debug|Any CPU
		{033BDA5E-D7DE-443C-B8C4-6D9AE03C7D11}.Debug|Any CPU.Build.0 = Debug|Any CPU
		{033BDA5E-D7DE-443C-B8C4-6D9AE03C7D11}.Release|Any CPU.ActiveCfg = Release|Any CPU
		{033BDA5E-D7DE-443C-B8C4-6D9AE03C7D11}.Release|Any CPU.Build.0 = Release|Any CPU
		{551A1EA8-79B8-4CF0-AD0F-79D79B62EFC0}.Debug|Any CPU.ActiveCfg = Debug|Any CPU
		{551A1EA8-79B8-4CF0-AD0F-79D79B62EFC0}.Debug|Any CPU.Build.0 = Debug|Any CPU
		{551A1EA8-79B8-4CF0-AD0F-79D79B62EFC0}.Release|Any CPU.ActiveCfg = Release|Any CPU
		{551A1EA8-79B8-4CF0-AD0F-79D79B62EFC0}.Release|Any CPU.Build.0 = Release|Any CPU
		{015B8971-EB9A-42EF-889D-C0F082B8BE0E}.Debug|Any CPU.ActiveCfg = Debug|Any CPU
		{015B8971-EB9A-42EF-889D-C0F082B8BE0E}.Debug|Any CPU.Build.0 = Debug|Any CPU
		{015B8971-EB9A-42EF-889D-C0F082B8BE0E}.Release|Any CPU.ActiveCfg = Release|Any CPU
		{015B8971-EB9A-42EF-889D-C0F082B8BE0E}.Release|Any CPU.Build.0 = Release|Any CPU
		{CC40CA7F-E29B-4523-94A9-6A55C288E7D1}.Debug|Any CPU.ActiveCfg = Debug|Any CPU
		{CC40CA7F-E29B-4523-94A9-6A55C288E7D1}.Debug|Any CPU.Build.0 = Debug|Any CPU
		{CC40CA7F-E29B-4523-94A9-6A55C288E7D1}.Release|Any CPU.ActiveCfg = Release|Any CPU
		{CC40CA7F-E29B-4523-94A9-6A55C288E7D1}.Release|Any CPU.Build.0 = Release|Any CPU
		{CE249159-89F3-425C-8842-303BC6EFF657}.Debug|Any CPU.ActiveCfg = Debug|Any CPU
		{CE249159-89F3-425C-8842-303BC6EFF657}.Debug|Any CPU.Build.0 = Debug|Any CPU
		{CE249159-89F3-425C-8842-303BC6EFF657}.Release|Any CPU.ActiveCfg = Release|Any CPU
		{CE249159-89F3-425C-8842-303BC6EFF657}.Release|Any CPU.Build.0 = Release|Any CPU
		{F9DF81FA-D07C-49F7-81E8-8F6A1F611F59}.Debug|Any CPU.ActiveCfg = Debug|Any CPU
		{F9DF81FA-D07C-49F7-81E8-8F6A1F611F59}.Debug|Any CPU.Build.0 = Debug|Any CPU
		{F9DF81FA-D07C-49F7-81E8-8F6A1F611F59}.Release|Any CPU.ActiveCfg = Release|Any CPU
		{F9DF81FA-D07C-49F7-81E8-8F6A1F611F59}.Release|Any CPU.Build.0 = Release|Any CPU
		{13AD2396-ACCC-49D5-90C3-A0A97B052D7F}.Debug|Any CPU.ActiveCfg = Debug|Any CPU
		{13AD2396-ACCC-49D5-90C3-A0A97B052D7F}.Debug|Any CPU.Build.0 = Debug|Any CPU
		{13AD2396-ACCC-49D5-90C3-A0A97B052D7F}.Release|Any CPU.ActiveCfg = Release|Any CPU
		{13AD2396-ACCC-49D5-90C3-A0A97B052D7F}.Release|Any CPU.Build.0 = Release|Any CPU
		{9CDA1998-1700-4860-9F15-A2C8D4217D7D}.Debug|Any CPU.ActiveCfg = Debug|Any CPU
		{9CDA1998-1700-4860-9F15-A2C8D4217D7D}.Debug|Any CPU.Build.0 = Debug|Any CPU
		{9CDA1998-1700-4860-9F15-A2C8D4217D7D}.Release|Any CPU.ActiveCfg = Release|Any CPU
		{9CDA1998-1700-4860-9F15-A2C8D4217D7D}.Release|Any CPU.Build.0 = Release|Any CPU
	EndGlobalSection
	GlobalSection(SolutionProperties) = preSolution
		HideSolutionNode = FALSE
	EndGlobalSection
	GlobalSection(NestedProjects) = preSolution
		{4AA7AA8E-2CDE-4D83-A6BE-8213826E279D} = {60455892-4832-4B09-9FE4-CF7EC2EE58AC}
		{3E05BB15-0B62-4CE9-9136-61C3B2309A5C} = {60455892-4832-4B09-9FE4-CF7EC2EE58AC}
		{ED232122-4463-4483-966E-E371A414A8C9} = {60455892-4832-4B09-9FE4-CF7EC2EE58AC}
		{4AD16EF9-F460-444E-B438-FCABF2096B7F} = {041A4DE3-2099-477C-8B97-4260C6C0F3D4}
		{FD8E0B58-0B62-4B3D-97E4-C052A31F1CC8} = {D4D67806-182E-479C-8AAD-2653B1FCB54E}
		{2E9E69BF-6F39-48AE-A0FF-DFD99DFB8F3A} = {A32949D5-614D-45E3-A7EA-3059993660C5}
		{6E921F94-5880-4B8B-BE94-E80461C943E6} = {A32949D5-614D-45E3-A7EA-3059993660C5}
		{D9A27B02-F6D7-4D32-A4CF-DC2F043E18E5} = {A32949D5-614D-45E3-A7EA-3059993660C5}
		{C1FE84C4-B5E9-4DA3-B201-0A70C1F744E0} = {B1321E8B-9751-4C53-9E83-F4393FDA31CB}
		{9305345E-FB6A-4CD2-B5AE-FD5A4279B7CD} = {A32949D5-614D-45E3-A7EA-3059993660C5}
		{04A0DAA8-B7A7-4EA5-84F4-D4FEF69F46CE} = {F82F3A8E-3AFE-4D6F-A3BD-B8E2220DC4AB}
		{BA25B6E0-8530-4BFC-9B6A-B05F6D014074} = {A32949D5-614D-45E3-A7EA-3059993660C5}
		{E1EF565A-A559-4C65-85A6-0727E88A0130} = {B1321E8B-9751-4C53-9E83-F4393FDA31CB}
		{D0720D9F-26E0-4473-8345-FE19C82B6CE9} = {77C07876-820A-4375-B9DE-7F23987DDB81}
		{8BFEF316-D1CF-47F3-B6B6-B9B3FCB1842C} = {77C07876-820A-4375-B9DE-7F23987DDB81}
		{F4F0F27D-248A-4FA4-9EE0-888980DCA82A} = {9C26DBCA-532C-4C61-AF42-0B263CC61A1D}
		{33D62C76-9288-447B-B90D-4ECB188CC25D} = {0DAD8BF1-7726-4E4E-B6F6-E124D0EF8263}
		{9BB772D9-B939-4F44-9503-427182ED1010} = {990FC092-0BEC-44FA-87F6-BE7EF850F06D}
		{B8402578-6F85-4270-B0FF-35A9E2F6A46E} = {B867FCCF-3649-432C-8E84-B5932608BA6F}
		{1D409D85-EFDC-4340-9643-480CF05DDE93} = {42448ABC-C61D-4659-B9B0-084E02B7394C}
		{A61C38A4-3A6A-4569-8FA3-D24777400DFB} = {52C7F9BC-F43F-4A9D-8699-E6B0EA239B52}
		{9B92C15A-9165-43AB-B6E5-F6C5B0C01EBB} = {42448ABC-C61D-4659-B9B0-084E02B7394C}
		{75E1F258-7586-4691-917F-9937611F4CE5} = {42448ABC-C61D-4659-B9B0-084E02B7394C}
		{38DAE2FA-35A4-4D76-9704-02453723CE78} = {42448ABC-C61D-4659-B9B0-084E02B7394C}
		{033BDA5E-D7DE-443C-B8C4-6D9AE03C7D11} = {42448ABC-C61D-4659-B9B0-084E02B7394C}
		{551A1EA8-79B8-4CF0-AD0F-79D79B62EFC0} = {0C35B9DD-2DDC-4D02-A419-EF11B2F9E639}
		{015B8971-EB9A-42EF-889D-C0F082B8BE0E} = {1A81005D-02C6-4D60-AB4D-5096C14CC839}
		{CC40CA7F-E29B-4523-94A9-6A55C288E7D1} = {1A81005D-02C6-4D60-AB4D-5096C14CC839}
		{CE249159-89F3-425C-8842-303BC6EFF657} = {1A81005D-02C6-4D60-AB4D-5096C14CC839}
		{F9DF81FA-D07C-49F7-81E8-8F6A1F611F59} = {041A4DE3-2099-477C-8B97-4260C6C0F3D4}
		{13AD2396-ACCC-49D5-90C3-A0A97B052D7F} = {9F068045-2FD8-4714-9067-627BFEA0B07B}
		{9CDA1998-1700-4860-9F15-A2C8D4217D7D} = {828E908D-6107-4775-B11D-14944FB65979}
	EndGlobalSection
	GlobalSection(ExtensibilityGlobals) = postSolution
		SolutionGuid = {04A0BDAD-6CF0-4F48-8640-CD21B0F09DFC}
	EndGlobalSection
EndGlobal
